
Microsoft Visual Studio Solution File, Format Version 12.00
# Visual Studio Express 2012 for Web
Project("{FAE04EC0-301F-11D3-BF4B-00C04F79EFBC}") = "jtr", "jtr\jtr.csproj", "{F3C35279-7A6A-417E-A9AE-97458FB695C1}"
EndProject
Global
	GlobalSection(SolutionConfigurationPlatforms) = preSolution
		Debug|Any CPU = Debug|Any CPU
		Release|Any CPU = Release|Any CPU
	EndGlobalSection
	GlobalSection(ProjectConfigurationPlatforms) = postSolution
		{F3C35279-7A6A-417E-A9AE-97458FB695C1}.Debug|Any CPU.ActiveCfg = Debug|Any CPU
		{F3C35279-7A6A-417E-A9AE-97458FB695C1}.Debug|Any CPU.Build.0 = Debug|Any CPU
		{F3C35279-7A6A-417E-A9AE-97458FB695C1}.Release|Any CPU.ActiveCfg = Release|Any CPU
		{F3C35279-7A6A-417E-A9AE-97458FB695C1}.Release|Any CPU.Build.0 = Release|Any CPU
	EndGlobalSection
	GlobalSection(SolutionProperties) = preSolution
		HideSolutionNode = FALSE
	EndGlobalSection
EndGlobal
